Microsoft Visual Studio Solution File, Format Version 12.00
# Visual Studio Version 17
VisualStudioVersion = 17.5.2.0
MinimumVisualStudioVersion = 10.0.40219.1
Project("{FAE04EC0-301F-11D3-BF4B-00C04F79EFBC}") = "AgendamentoTarefa", "AgendamentoTarefa.csproj", "{56F325E5-6B35-0418-AA54-03C71C2711D1}"
EndProject
Global
	GlobalSection(SolutionConfigurationPlatforms) = preSolution
		Debug|Any CPU = Debug|Any CPU
		Release|Any CPU = Release|Any CPU
	EndGlobalSection
	GlobalSection(ProjectConfigurationPlatforms) = postSolution
		{56F325E5-6B35-0418-AA54-03C71C2711D1}.Debug|Any CPU.ActiveCfg = Debug|Any CPU
		{56F325E5-6B35-0418-AA54-03C71C2711D1}.Debug|Any CPU.Build.0 = Debug|Any CPU
		{56F325E5-6B35-0418-AA54-03C71C2711D1}.Release|Any CPU.ActiveCfg = Release|Any CPU
		{56F325E5-6B35-0418-AA54-03C71C2711D1}.Release|Any CPU.Build.0 = Release|Any CPU
	EndGlobalSection
	GlobalSection(SolutionProperties) = preSolution
		HideSolutionNode = FALSE
	EndGlobalSection
	GlobalSection(ExtensibilityGlobals) = postSolution
		SolutionGuid = {B061DEAC-6565-4C86-9F2B-83F2A3425350}
	EndGlobalSection
EndGlobal
